
Microsoft Visual Studio Solution File, Format Version 12.00
# Visual Studio 15
Project("{FAE04EC0-301F-11D3-BF4B-00C04F79EFBC}") = "NHL introductie", "NHL introductie.csproj", "{C6FB4186-4C20-DEA8-917F-7979FE2CE488}"
EndProject
Global
	GlobalSection(SolutionConfigurationPlatforms) = preSolution
		Debug|Any CPU = Debug|Any CPU
		Release|Any CPU = Release|Any CPU
	EndGlobalSection
	GlobalSection(ProjectConfigurationPlatforms) = postSolution
		{C6FB4186-4C20-DEA8-917F-7979FE2CE488}.Debug|Any CPU.ActiveCfg = Debug|Any CPU
		{C6FB4186-4C20-DEA8-917F-7979FE2CE488}.Debug|Any CPU.Build.0 = Debug|Any CPU
		{C6FB4186-4C20-DEA8-917F-7979FE2CE488}.Release|Any CPU.ActiveCfg = Release|Any CPU
		{C6FB4186-4C20-DEA8-917F-7979FE2CE488}.Release|Any CPU.Build.0 = Release|Any CPU
	EndGlobalSection
	GlobalSection(SolutionProperties) = preSolution
		HideSolutionNode = FALSE
	EndGlobalSection
EndGlobal
